// !$*UTF8*$!
{
	archiveVersion = 1;
	classes = {
	};
	objectVersion = 55;
	objects = {

/* Begin PBXBuildFile section */
		913A27D427496E1300904EB6 /* AppDelegate.swift in Sources */ = {isa = PBXBuildFile; fileRef = 913A27D327496E1300904EB6 /* AppDelegate.swift */; };
		913A27D627496E1400904EB6 /* GameScene.sks in Resources */ = {isa = PBXBuildFile; fileRef = 913A27D527496E1400904EB6 /* GameScene.sks */; };
		913A27D827496E1400904EB6 /* Actions.sks in Resources */ = {isa = PBXBuildFile; fileRef = 913A27D727496E1400904EB6 /* Actions.sks */; };
		913A27DA27496E1400904EB6 /* GameScene.swift in Sources */ = {isa = PBXBuildFile; fileRef = 913A27D927496E1400904EB6 /* GameScene.swift */; };
		913A27DC27496E1400904EB6 /* GameViewController.swift in Sources */ = {isa = PBXBuildFile; fileRef = 913A27DB27496E1400904EB6 /* GameViewController.swift */; };
		913A27DF27496E1400904EB6 /* Main.storyboard in Resources */ = {isa = PBXBuildFile; fileRef = 913A27DD27496E1400904EB6 /* Main.storyboard */; };
		913A27E127496E1700904EB6 /* Assets.xcassets in Resources */ = {isa = PBXBuildFile; fileRef = 913A27E027496E1700904EB6 /* Assets.xcassets */; };
		913A27E427496E1700904EB6 /* LaunchScreen.storyboard in Resources */ = {isa = PBXBuildFile; fileRef = 913A27E227496E1700904EB6 /* LaunchScreen.storyboard */; };
		913A27F627496E5800904EB6 /* whack.caf in Resources */ = {isa = PBXBuildFile; fileRef = 913A27EA27496E5700904EB6 /* whack.caf */; };
		913A27F727496E5800904EB6 /* sliceHitEnemy.sks in Resources */ = {isa = PBXBuildFile; fileRef = 913A27EB27496E5700904EB6 /* sliceHitEnemy.sks */; };
		913A27F827496E5800904EB6 /* spark.png in Resources */ = {isa = PBXBuildFile; fileRef = 913A27EC27496E5700904EB6 /* spark.png */; };
		913A27F927496E5800904EB6 /* sliceFuse.sks in Resources */ = {isa = PBXBuildFile; fileRef = 913A27ED27496E5700904EB6 /* sliceFuse.sks */; };
		913A27FA27496E5800904EB6 /* sliceBombFuse.caf in Resources */ = {isa = PBXBuildFile; fileRef = 913A27EE27496E5700904EB6 /* sliceBombFuse.caf */; };
		913A27FB27496E5800904EB6 /* swoosh2.caf in Resources */ = {isa = PBXBuildFile; fileRef = 913A27EF27496E5800904EB6 /* swoosh2.caf */; };
		913A27FC27496E5800904EB6 /* swoosh1.caf in Resources */ = {isa = PBXBuildFile; fileRef = 913A27F027496E5800904EB6 /* swoosh1.caf */; };
		913A27FD27496E5800904EB6 /* wrong.caf in Resources */ = {isa = PBXBuildFile; fileRef = 913A27F127496E5800904EB6 /* wrong.caf */; };
		913A27FE27496E5800904EB6 /* sliceHitBomb.sks in Resources */ = {isa = PBXBuildFile; fileRef = 913A27F227496E5800904EB6 /* sliceHitBomb.sks */; };
		913A27FF27496E5800904EB6 /* swoosh3.caf in Resources */ = {isa = PBXBuildFile; fileRef = 913A27F327496E5800904EB6 /* swoosh3.caf */; };
		913A280027496E5800904EB6 /* explosion.caf in Resources */ = {isa = PBXBuildFile; fileRef = 913A27F427496E5800904EB6 /* explosion.caf */; };
		913A280127496E5800904EB6 /* launch.caf in Resources */ = {isa = PBXBuildFile; fileRef = 913A27F527496E5800904EB6 /* launch.caf */; };
		91456AF0274FD6A000EEFACC /* Constants.swift in Sources */ = {isa = PBXBuildFile; fileRef = 91456AEF274FD6A000EEFACC /* Constants.swift */; };
/* End PBXBuildFile section */

/* Begin PBXFileReference section */
		913A27D027496E1300904EB6 /* PenguinNinja.app */ = {isa = PBXFileReference; explicitFileType = wrapper.application; includeInIndex = 0; path = PenguinNinja.app; sourceTree = BUILT_PRODUCTS_DIR; };
		913A27D327496E1300904EB6 /* AppDelegate.swift */ = {isa = PBXFileReference; lastKnownFileType = sourcecode.swift; path = AppDelegate.swift; sourceTree = "<group>"; };
		913A27D527496E1400904EB6 /* GameScene.sks */ = {isa = PBXFileReference; lastKnownFileType = file.sks; path = GameScene.sks; sourceTree = "<group>"; };
		913A27D727496E1400904EB6 /* Actions.sks */ = {isa = PBXFileReference; lastKnownFileType = file.sks; path = Actions.sks; sourceTree = "<group>"; };
		913A27D927496E1400904EB6 /* GameScene.swift */ = {isa = PBXFileReference; lastKnownFileType = sourcecode.swift; path = GameScene.swift; sourceTree = "<group>"; };
		913A27DB27496E1400904EB6 /* GameViewController.swift */ = {isa = PBXFileReference; lastKnownFileType = sourcecode.swift; path = GameViewController.swift; sourceTree = "<group>"; };
		913A27DE27496E1400904EB6 /* Base */ = {isa = PBXFileReference; lastKnownFileType = file.storyboard; name = Base; path = Base.lproj/Main.storyboard; sourceTree = "<group>"; };
		913A27E027496E1700904EB6 /* Assets.xcassets */ = {isa = PBXFileReference; lastKnownFileType = folder.assetcatalog; path = Assets.xcassets; sourceTree = "<group>"; };
		913A27E327496E1700904EB6 /* Base */ = {isa = PBXFileReference; lastKnownFileType = file.storyboard; name = Base; path = Base.lproj/LaunchScreen.storyboard; sourceTree = "<group>"; };
		913A27EA27496E5700904EB6 /* whack.caf */ = {isa = PBXFileReference; lastKnownFileType = file; path = whack.caf; sourceTree = "<group>"; };
		913A27EB27496E5700904EB6 /* sliceHitEnemy.sks */ = {isa = PBXFileReference; lastKnownFileType = file.sks; path = sliceHitEnemy.sks; sourceTree = "<group>"; };
		913A27EC27496E5700904EB6 /* spark.png */ = {isa = PBXFileReference; lastKnownFileType = image.png; path = spark.png; sourceTree = "<group>"; };
		913A27ED27496E5700904EB6 /* sliceFuse.sks */ = {isa = PBXFileReference; lastKnownFileType = file.sks; path = sliceFuse.sks; sourceTree = "<group>"; };
		913A27EE27496E5700904EB6 /* sliceBombFuse.caf */ = {isa = PBXFileReference; lastKnownFileType = file; path = sliceBombFuse.caf; sourceTree = "<group>"; };
		913A27EF27496E5800904EB6 /* swoosh2.caf */ = {isa = PBXFileReference; lastKnownFileType = file; path = swoosh2.caf; sourceTree = "<group>"; };
		913A27F027496E5800904EB6 /* swoosh1.caf */ = {isa = PBXFileReference; lastKnownFileType = file; path = swoosh1.caf; sourceTree = "<group>"; };
		913A27F127496E5800904EB6 /* wrong.caf */ = {isa = PBXFileReference; lastKnownFileType = file; path = wrong.caf; sourceTree = "<group>"; };
		913A27F227496E5800904EB6 /* sliceHitBomb.sks */ = {isa = PBXFileReference; lastKnownFileType = file.sks; path = sliceHitBomb.sks; sourceTree = "<group>"; };
		913A27F327496E5800904EB6 /* swoosh3.caf */ = {isa = PBXFileReference; lastKnownFileType = file; path = swoosh3.caf; sourceTree = "<group>"; };
		913A27F427496E5800904EB6 /* explosion.caf */ = {isa = PBXFileReference; lastKnownFileType = file; path = explosion.caf; sourceTree = "<group>"; };
		913A27F527496E5800904EB6 /* launch.caf */ = {isa = PBXFileReference; lastKnownFileType = file; path = launch.caf; sourceTree = "<group>"; };
		91456AEF274FD6A000EEFACC /* Constants.swift */ = {isa = PBXFileReference; lastKnownFileType = sourcecode.swift; path = Constants.swift; sourceTree = "<group>"; };
/* End PBXFileReference section */

/* Begin PBXFrameworksBuildPhase section */
		913A27CD27496E1300904EB6 /* Frameworks */ = {
			isa = PBXFrameworksBuildPhase;
			buildActionMask = 2147483647;
			files = (
			);
			runOnlyForDeploymentPostprocessing = 0;
		};
/* End PBXFrameworksBuildPhase section */

/* Begin PBXGroup section */
		913A27C727496E1300904EB6 = {
			isa = PBXGroup;
			children = (
				913A27D227496E1300904EB6 /* PenguinNinja */,
				913A27D127496E1300904EB6 /* Products */,
			);
			sourceTree = "<group>";
		};
		913A27D127496E1300904EB6 /* Products */ = {
			isa = PBXGroup;
			children = (
				913A27D027496E1300904EB6 /* PenguinNinja.app */,
			);
			name = Products;
			sourceTree = "<group>";
		};
		913A27D227496E1300904EB6 /* PenguinNinja */ = {
			isa = PBXGroup;
			children = (
				913A27D327496E1300904EB6 /* AppDelegate.swift */,
				913A27D527496E1400904EB6 /* GameScene.sks */,
				913A27D727496E1400904EB6 /* Actions.sks */,
				913A27D927496E1400904EB6 /* GameScene.swift */,
				91456AEF274FD6A000EEFACC /* Constants.swift */,
				913A27DB27496E1400904EB6 /* GameViewController.swift */,
				913A27DD27496E1400904EB6 /* Main.storyboard */,
				913A27E027496E1700904EB6 /* Assets.xcassets */,
				913A27E227496E1700904EB6 /* LaunchScreen.storyboard */,
				913A27F427496E5800904EB6 /* explosion.caf */,
				913A27F527496E5800904EB6 /* launch.caf */,
				913A27EE27496E5700904EB6 /* sliceBombFuse.caf */,
				913A27ED27496E5700904EB6 /* sliceFuse.sks */,
				913A27F227496E5800904EB6 /* sliceHitBomb.sks */,
				913A27EB27496E5700904EB6 /* sliceHitEnemy.sks */,
				913A27EC27496E5700904EB6 /* spark.png */,
				913A27F027496E5800904EB6 /* swoosh1.caf */,
				913A27EF27496E5800904EB6 /* swoosh2.caf */,
				913A27F327496E5800904EB6 /* swoosh3.caf */,
				913A27EA27496E5700904EB6 /* whack.caf */,
				913A27F127496E5800904EB6 /* wrong.caf */,
			);
			path = PenguinNinja;
			sourceTree = "<group>";
		};
/* End PBXGroup section */

/* Begin PBXNativeTarget section */
		913A27CF27496E1300904EB6 /* PenguinNinja */ = {
			isa = PBXNativeTarget;
			buildConfigurationList = 913A27E727496E1700904EB6 /* Build configuration list for PBXNativeTarget "PenguinNinja" */;
			buildPhases = (
				913A27CC27496E1300904EB6 /* Sources */,
				913A27CD27496E1300904EB6 /* Frameworks */,
				913A27CE27496E1300904EB6 /* Resources */,
			);
			buildRules = (
			);
			dependencies = (
			);
			name = PenguinNinja;
			productName = PenguinNinja;
			productReference = 913A27D027496E1300904EB6 /* PenguinNinja.app */;
			productType = "com.apple.product-type.application";
		};
/* End PBXNativeTarget section */

/* Begin PBXProject section */
		913A27C827496E1300904EB6 /* Project object */ = {
			isa = PBXProject;
			attributes = {
				BuildIndependentTargetsInParallel = 1;
				LastSwiftUpdateCheck = 1300;
				LastUpgradeCheck = 1300;
				TargetAttributes = {
					913A27CF27496E1300904EB6 = {
						CreatedOnToolsVersion = 13.0;
					};
				};
			};
			buildConfigurationList = 913A27CB27496E1300904EB6 /* Build configuration list for PBXProject "PenguinNinja" */;
			compatibilityVersion = "Xcode 13.0";
			developmentRegion = en;
			hasScannedForEncodings = 0;
			knownRegions = (
				en,
				Base,
			);
			mainGroup = 913A27C727496E1300904EB6;
			productRefGroup = 913A27D127496E1300904EB6 /* Products */;
			projectDirPath = "";
			projectRoot = "";
			targets = (
				913A27CF27496E1300904EB6 /* PenguinNinja */,
			);
		};
/* End PBXProject section */

/* Begin PBXResourcesBuildPhase section */
		913A27CE27496E1300904EB6 /* Resources */ = {
			isa = PBXResourcesBuildPhase;
			buildActionMask = 2147483647;
			files = (
				913A280127496E5800904EB6 /* launch.caf in Resources */,
				913A27FA27496E5800904EB6 /* sliceBombFuse.caf in Resources */,
				913A27DF27496E1400904EB6 /* Main.storyboard in Resources */,
				913A27FB27496E5800904EB6 /* swoosh2.caf in Resources */,
				913A27F727496E5800904EB6 /* sliceHitEnemy.sks in Resources */,
				913A27FE27496E5800904EB6 /* sliceHitBomb.sks in Resources */,
				913A27D627496E1400904EB6 /* GameScene.sks in Resources */,
				913A280027496E5800904EB6 /* explosion.caf in Resources */,
				913A27E127496E1700904EB6 /* Assets.xcassets in Resources */,
				913A27E427496E1700904EB6 /* LaunchScreen.storyboard in Resources */,
				913A27F827496E5800904EB6 /* spark.png in Resources */,
				913A27D827496E1400904EB6 /* Actions.sks in Resources */,
				913A27F627496E5800904EB6 /* whack.caf in Resources */,
				913A27F927496E5800904EB6 /* sliceFuse.sks in Resources */,
				913A27FC27496E5800904EB6 /* swoosh1.caf in Resources */,
				913A27FD27496E5800904EB6 /* wrong.caf in Resources */,
				913A27FF27496E5800904EB6 /* swoosh3.caf in Resources */,
			);
			runOnlyForDeploymentPostprocessing = 0;
		};
/* End PBXResourcesBuildPhase section */

/* Begin PBXSourcesBuildPhase section */
		913A27CC27496E1300904EB6 /* Sources */ = {
			isa = PBXSourcesBuildPhase;
			buildActionMask = 2147483647;
			files = (
				913A27DA27496E1400904EB6 /* GameScene.swift in Sources */,
				913A27DC27496E1400904EB6 /* GameViewController.swift in Sources */,
				913A27D427496E1300904EB6 /* AppDelegate.swift in Sources */,
				91456AF0274FD6A000EEFACC /* Constants.swift in Sources */,
			);
			runOnlyForDeploymentPostprocessing = 0;
		};
/* End PBXSourcesBuildPhase section */

/* Begin PBXVariantGroup section */
		913A27DD27496E1400904EB6 /* Main.storyboard */ = {
			isa = PBXVariantGroup;
			children = (
				913A27DE27496E1400904EB6 /* Base */,
			);
			name = Main.storyboard;
			sourceTree = "<group>";
		};
		913A27E227496E1700904EB6 /* LaunchScreen.storyboard */ = {
			isa = PBXVariantGroup;
			children = (
				913A27E327496E1700904EB6 /* Base */,
			);
			name = LaunchScreen.storyboard;
			sourceTree = "<group>";
		};
/* End PBXVariantGroup section */

/* Begin XCBuildConfiguration section */
		913A27E527496E1700904EB6 /* Debug */ = {
			isa = XCBuildConfiguration;
			buildSettings = {
				ALWAYS_SEARCH_USER_PATHS = NO;
				CLANG_ANALYZER_NONNULL = YES;
				CLANG_ANALYZER_NUMBER_OBJECT_CONVERSION = YES_AGGRESSIVE;
				CLANG_CXX_LANGUAGE_STANDARD = "gnu++17";
				CLANG_CXX_LIBRARY = "libc++";
				CLANG_ENABLE_MODULES = YES;
				CLANG_ENABLE_OBJC_ARC = YES;
				CLANG_ENABLE_OBJC_WEAK = YES;
				CLANG_WARN_BLOCK_CAPTURE_AUTORELEASING = YES;
				CLANG_WARN_BOOL_CONVERSION = YES;
				CLANG_WARN_COMMA = YES;
				CLANG_WARN_CONSTANT_CONVERSION = YES;
				CLANG_WARN_DEPRECATED_OBJC_IMPLEMENTATIONS = YES;
				CLANG_WARN_DIRECT_OBJC_ISA_USAGE = YES_ERROR;
				CLANG_WARN_DOCUMENTATION_COMMENTS = YES;
				CLANG_WARN_EMPTY_BODY = YES;
				CLANG_WARN_ENUM_CONVERSION = YES;
				CLANG_WARN_INFINITE_RECURSION = YES;
				CLANG_WARN_INT_CONVERSION = YES;
				CLANG_WARN_NON_LITERAL_NULL_CONVERSION = YES;
				CLANG_WARN_OBJC_IMPLICIT_RETAIN_SELF = YES;
				CLANG_WARN_OBJC_LITERAL_CONVERSION = YES;
				CLANG_WARN_OBJC_ROOT_CLASS = YES_ERROR;
				CLANG_WARN_QUOTED_INCLUDE_IN_FRAMEWORK_HEADER = YES;
				CLANG_WARN_RANGE_LOOP_ANALYSIS = YES;
				CLANG_WARN_STRICT_PROTOTYPES = YES;
				CLANG_WARN_SUSPICIOUS_MOVE = YES;
				CLANG_WARN_UNGUARDED_AVAILABILITY = YES_AGGRESSIVE;
				CLANG_WARN_UNREACHABLE_CODE = YES;
				CLANG_WARN__DUPLICATE_METHOD_MATCH = YES;
				COPY_PHASE_STRIP = NO;
				DEBUG_INFORMATION_FORMAT = dwarf;
				ENABLE_STRICT_OBJC_MSGSEND = YES;
				ENABLE_TESTABILITY = YES;
				GCC_C_LANGUAGE_STANDARD = gnu11;
				GCC_DYNAMIC_NO_PIC = NO;
				GCC_NO_COMMON_BLOCKS = YES;
				GCC_OPTIMIZATION_LEVEL = 0;
				GCC_PREPROCESSOR_DEFINITIONS = (
					"DEBUG=1",
					"$(inherited)",
				);
				GCC_WARN_64_TO_32_BIT_CONVERSION = YES;
				GCC_WARN_ABOUT_RETURN_TYPE = YES_ERROR;
				GCC_WARN_UNDECLARED_SELECTOR = YES;
				GCC_WARN_UNINITIALIZED_AUTOS = YES_AGGRESSIVE;
				GCC_WARN_UNUSED_FUNCTION = YES;
				GCC_WARN_UNUSED_VARIABLE = YES;
				IPHONEOS_DEPLOYMENT_TARGET = 15.0;
				MTL_ENABLE_DEBUG_INFO = INCLUDE_SOURCE;
				MTL_FAST_MATH = YES;
				ONLY_ACTIVE_ARCH = YES;
				SDKROOT = iphoneos;
				SWIFT_ACTIVE_COMPILATION_CONDITIONS = DEBUG;
				SWIFT_OPTIMIZATION_LEVEL = "-Onone";
			};
			name = Debug;
		};
		913A27E627496E1700904EB6 /* Release */ = {
			isa = XCBuildConfiguration;
			buildSettings = {
				ALWAYS_SEARCH_USER_PATHS = NO;
				CLANG_ANALYZER_NONNULL = YES;
				CLANG_ANALYZER_NUMBER_OBJECT_CONVERSION = YES_AGGRESSIVE;
				CLANG_CXX_LANGUAGE_STANDARD = "gnu++17";
				CLANG_CXX_LIBRARY = "libc++";
				CLANG_ENABLE_MODULES = YES;
				CLANG_ENABLE_OBJC_ARC = YES;
				CLANG_ENABLE_OBJC_WEAK = YES;
				CLANG_WARN_BLOCK_CAPTURE_AUTORELEASING = YES;
				CLANG_WARN_BOOL_CONVERSION = YES;
				CLANG_WARN_COMMA = YES;
				CLANG_WARN_CONSTANT_CONVERSION = YES;
				CLANG_WARN_DEPRECATED_OBJC_IMPLEMENTATIONS = YES;
				CLANG_WARN_DIRECT_OBJC_ISA_USAGE = YES_ERROR;
				CLANG_WARN_DOCUMENTATION_COMMENTS = YES;
				CLANG_WARN_EMPTY_BODY = YES;
				CLANG_WARN_ENUM_CONVERSION = YES;
				CLANG_WARN_INFINITE_RECURSION = YES;
				CLANG_WARN_INT_CONVERSION = YES;
				CLANG_WARN_NON_LITERAL_NULL_CONVERSION = YES;
				CLANG_WARN_OBJC_IMPLICIT_RETAIN_SELF = YES;
				CLANG_WARN_OBJC_LITERAL_CONVERSION = YES;
				CLANG_WARN_OBJC_ROOT_CLASS = YES_ERROR;
				CLANG_WARN_QUOTED_INCLUDE_IN_FRAMEWORK_HEADER = YES;
				CLANG_WARN_RANGE_LOOP_ANALYSIS = YES;
				CLANG_WARN_STRICT_PROTOTYPES = YES;
				CLANG_WARN_SUSPICIOUS_MOVE = YES;
				CLANG_WARN_UNGUARDED_AVAILABILITY = YES_AGGRESSIVE;
				CLANG_WARN_UNREACHABLE_CODE = YES;
				CLANG_WARN__DUPLICATE_METHOD_MATCH = YES;
				COPY_PHASE_STRIP = NO;
				DEBUG_INFORMATION_FORMAT = "dwarf-with-dsym";
				ENABLE_NS_ASSERTIONS = NO;
				ENABLE_STRICT_OBJC_MSGSEND = YES;
				GCC_C_LANGUAGE_STANDARD = gnu11;
				GCC_NO_COMMON_BLOCKS = YES;
				GCC_WARN_64_TO_32_BIT_CONVERSION = YES;
				GCC_WARN_ABOUT_RETURN_TYPE = YES_ERROR;
				GCC_WARN_UNDECLARED_SELECTOR = YES;
				GCC_WARN_UNINITIALIZED_AUTOS = YES_AGGRESSIVE;
				GCC_WARN_UNUSED_FUNCTION = YES;
				GCC_WARN_UNUSED_VARIABLE = YES;
				IPHONEOS_DEPLOYMENT_TARGET = 15.0;
				MTL_ENABLE_DEBUG_INFO = NO;
				MTL_FAST_MATH = YES;
				SDKROOT = iphoneos;
				SWIFT_COMPILATION_MODE = wholemodule;
				SWIFT_OPTIMIZATION_LEVEL = "-O";
				VALIDATE_PRODUCT = YES;
			};
			name = Release;
		};
		913A27E827496E1700904EB6 /* Debug */ = {
			isa = XCBuildConfiguration;
			buildSettings = {
				ASSETCATALOG_COMPILER_APPICON_NAME = AppIcon;
				ASSETCATALOG_COMPILER_GLOBAL_ACCENT_COLOR_NAME = AccentColor;
				CODE_SIGN_STYLE = Automatic;
				CURRENT_PROJECT_VERSION = 1;
				DEVELOPMENT_TEAM = M8KC244ECU;
				GENERATE_INFOPLIST_FILE = YES;
				INFOPLIST_KEY_UIApplicationSupportsIndirectInputEvents = YES;
				INFOPLIST_KEY_UILaunchStoryboardName = LaunchScreen;
				INFOPLIST_KEY_UIMainStoryboardFile = Main;
				INFOPLIST_KEY_UIStatusBarHidden = YES;
				INFOPLIST_KEY_UISupportedInterfaceOrientations_iPad = UIInterfaceOrientationLandscapeLeft;
				INFOPLIST_KEY_UISupportedInterfaceOrientations_iPhone = "UIInterfaceOrientationPortrait UIInterfaceOrientationLandscapeLeft UIInterfaceOrientationLandscapeRight";
				LD_RUNPATH_SEARCH_PATHS = (
					"$(inherited)",
					"@executable_path/Frameworks",
				);
				MARKETING_VERSION = 1.0;
				PRODUCT_BUNDLE_IDENTIFIER = NickSagan.PenguinNinja;
				PRODUCT_NAME = "$(TARGET_NAME)";
				SWIFT_EMIT_LOC_STRINGS = YES;
				SWIFT_VERSION = 5.0;
				TARGETED_DEVICE_FAMILY = 2;
			};
			name = Debug;
		};
		913A27E927496E1700904EB6 /* Release */ = {
			isa = XCBuildConfiguration;
			buildSettings = {
				ASSETCATALOG_COMPILER_APPICON_NAME = AppIcon;
				ASSETCATALOG_COMPILER_GLOBAL_ACCENT_COLOR_NAME = AccentColor;
				CODE_SIGN_STYLE = Automatic;
				CURRENT_PROJECT_VERSION = 1;
				DEVELOPMENT_TEAM = M8KC244ECU;
				GENERATE_INFOPLIST_FILE = YES;
				INFOPLIST_KEY_UIApplicationSupportsIndirectInputEvents = YES;
				INFOPLIST_KEY_UILaunchStoryboardName = LaunchScreen;
				INFOPLIST_KEY_UIMainStoryboardFile = Main;
				INFOPLIST_KEY_UIStatusBarHidden = YES;
				INFOPLIST_KEY_UISupportedInterfaceOrientations_iPad = UIInterfaceOrientationLandscapeLeft;
				INFOPLIST_KEY_UISupportedInterfaceOrientations_iPhone = "UIInterfaceOrientationPortrait UIInterfaceOrientationLandscapeLeft UIInterfaceOrientationLandscapeRight";
				LD_RUNPATH_SEARCH_PATHS = (
					"$(inherited)",
					"@executable_path/Frameworks",
				);
				MARKETING_VERSION = 1.0;
				PRODUCT_BUNDLE_IDENTIFIER = NickSagan.PenguinNinja;
				PRODUCT_NAME = "$(TARGET_NAME)";
				SWIFT_EMIT_LOC_STRINGS = YES;
				SWIFT_VERSION = 5.0;
				TARGETED_DEVICE_FAMILY = 2;
			};
			name = Release;
		};
/* End XCBuildConfiguration section */

/* Begin XCConfigurationList section */
		913A27CB27496E1300904EB6 /* Build configuration list for PBXProject "PenguinNinja" */ = {
			isa = XCConfigurationList;
			buildConfigurations = (
				913A27E527496E1700904EB6 /* Debug */,
				913A27E627496E1700904EB6 /* Release */,
			);
			defaultConfigurationIsVisible = 0;
			defaultConfigurationName = Release;
		};
		913A27E727496E1700904EB6 /* Build configuration list for PBXNativeTarget "PenguinNinja" */ = {
			isa = XCConfigurationList;
			buildConfigurations = (
				913A27E827496E1700904EB6 /* Debug */,
				913A27E927496E1700904EB6 /* Release */,
			);
			defaultConfigurationIsVisible = 0;
			defaultConfigurationName = Release;
		};
/* End XCConfigurationList section */
	};
	rootObject = 913A27C827496E1300904EB6 /* Project object */;
}
